// !$*UTF8*$!
{
	archiveVersion = 1;
	classes = {
	};
	objectVersion = 46;
	objects = {

/* Begin PBXBuildFile section */
		BC00A3BD1C3DA2CA0035CFF8 /* blip.caf in Resources */ = {isa = PBXBuildFile; fileRef = BC00A3BA1C3D9F600035CFF8 /* blip.caf */; };
		BC00A3BE1C3DA2CA0035CFF8 /* brickhit.caf in Resources */ = {isa = PBXBuildFile; fileRef = BC00A3BB1C3D9F600035CFF8 /* brickhit.caf */; };
		BC00A3BF1C3DA2CA0035CFF8 /* gameover.caf in Resources */ = {isa = PBXBuildFile; fileRef = BC00A3BC1C3D9F600035CFF8 /* gameover.caf */; };
		BC00A3C21C3DABA60035CFF8 /* IGGameOverScene.m in Sources */ = {isa = PBXBuildFile; fileRef = BC00A3C11C3DABA60035CFF8 /* IGGameOverScene.m */; };
		BC00A3C51C3DF4050035CFF8 /* IGNextLevelScene.m in Sources */ = {isa = PBXBuildFile; fileRef = BC00A3C41C3DF4050035CFF8 /* IGNextLevelScene.m */; };
		BC00A3C71C3E08350035CFF8 /* levelSuccess.wav in Resources */ = {isa = PBXBuildFile; fileRef = BC00A3C61C3E08350035CFF8 /* levelSuccess.wav */; };
		BC3308471C3F885D0096F51C /* cannonball.png in Resources */ = {isa = PBXBuildFile; fileRef = BC3308461C3F885D0096F51C /* cannonball.png */; };
		BC363F461C51E80B009D7A71 /* IGStartViewController.m in Sources */ = {isa = PBXBuildFile; fileRef = BC363F451C51E80B009D7A71 /* IGStartViewController.m */; };
		BC363F491C51ED7B009D7A71 /* IGLeaderBoardViewController.m in Sources */ = {isa = PBXBuildFile; fileRef = BC363F481C51ED7B009D7A71 /* IGLeaderBoardViewController.m */; };
		BC62E0471C5B2A7C007A706E /* IGGameManager.m in Sources */ = {isa = PBXBuildFile; fileRef = BC62E0461C5B2A7C007A706E /* IGGameManager.m */; };
		BC62E04A1C5B313A007A706E /* RainParticle.sks in Resources */ = {isa = PBXBuildFile; fileRef = BC62E0481C5B313A007A706E /* RainParticle.sks */; };
		BC62E04B1C5B313A007A706E /* spark.png in Resources */ = {isa = PBXBuildFile; fileRef = BC62E0491C5B313A007A706E /* spark.png */; };
		BC62E04E1C5B3350007A706E /* IGSixthLevelScene.m in Sources */ = {isa = PBXBuildFile; fileRef = BC62E04D1C5B3350007A706E /* IGSixthLevelScene.m */; };
		BC662C6B1C420CA000571CCC /* brickbreaker_launch_sm.png in Resources */ = {isa = PBXBuildFile; fileRef = BC662C6A1C420CA000571CCC /* brickbreaker_launch_sm.png */; };
		BC662C711C43794300571CCC /* IGPlayerViewController.m in Sources */ = {isa = PBXBuildFile; fileRef = BC662C701C43794200571CCC /* IGPlayerViewController.m */; };
		BC6A84B81C3C683500CB8887 /* main.m in Sources */ = {isa = PBXBuildFile; fileRef = BC6A84B71C3C683500CB8887 /* main.m */; };
		BC6A84BB1C3C683500CB8887 /* IGAppDelegate.m in Sources */ = {isa = PBXBuildFile; fileRef = BC6A84BA1C3C683500CB8887 /* IGAppDelegate.m */; };
		BC6A84BD1C3C683500CB8887 /* art.scnassets in Resources */ = {isa = PBXBuildFile; fileRef = BC6A84BC1C3C683500CB8887 /* art.scnassets */; };
		BC6A84C01C3C683500CB8887 /* IGGameViewController.m in Sources */ = {isa = PBXBuildFile; fileRef = BC6A84BF1C3C683500CB8887 /* IGGameViewController.m */; };
		BC6A84C31C3C683500CB8887 /* Main.storyboard in Resources */ = {isa = PBXBuildFile; fileRef = BC6A84C11C3C683500CB8887 /* Main.storyboard */; };
		BC6A84C51C3C683600CB8887 /* Assets.xcassets in Resources */ = {isa = PBXBuildFile; fileRef = BC6A84C41C3C683600CB8887 /* Assets.xcassets */; };
		BC6A84C81C3C683600CB8887 /* LaunchScreen.storyboard in Resources */ = {isa = PBXBuildFile; fileRef = BC6A84C61C3C683600CB8887 /* LaunchScreen.storyboard */; };
		BC6A84D31C3C683600CB8887 /* BreakBricksTests.m in Sources */ = {isa = PBXBuildFile; fileRef = BC6A84D21C3C683600CB8887 /* BreakBricksTests.m */; };
		BC6A84DE1C3C683700CB8887 /* BreakBricksUITests.m in Sources */ = {isa = PBXBuildFile; fileRef = BC6A84DD1C3C683700CB8887 /* BreakBricksUITests.m */; };
		BC6A84F21C3C6B7100CB8887 /* ball.png in Resources */ = {isa = PBXBuildFile; fileRef = BC6A84EC1C3C6B7100CB8887 /* ball.png */; };
		BC6A84F31C3C6B7100CB8887 /* ball@2x.png in Resources */ = {isa = PBXBuildFile; fileRef = BC6A84ED1C3C6B7100CB8887 /* ball@2x.png */; };
		BC6A84F41C3C6B7100CB8887 /* brick.png in Resources */ = {isa = PBXBuildFile; fileRef = BC6A84EE1C3C6B7100CB8887 /* brick.png */; };
		BC6A84F51C3C6B7100CB8887 /* brick@2x.png in Resources */ = {isa = PBXBuildFile; fileRef = BC6A84EF1C3C6B7100CB8887 /* brick@2x.png */; };
		BC6A84F61C3C6B7100CB8887 /* paddle.png in Resources */ = {isa = PBXBuildFile; fileRef = BC6A84F01C3C6B7100CB8887 /* paddle.png */; };
		BC6A84F71C3C6B7100CB8887 /* paddle@2x.png in Resources */ = {isa = PBXBuildFile; fileRef = BC6A84F11C3C6B7100CB8887 /* paddle@2x.png */; };
		BC6A84F91C3C6FC600CB8887 /* IGMainBrickScene.sks in Resources */ = {isa = PBXBuildFile; fileRef = BC6A84F81C3C6FC600CB8887 /* IGMainBrickScene.sks */; };
		BC6A84FD1C3C71B500CB8887 /* IGStartBrickScene.m in Sources */ = {isa = PBXBuildFile; fileRef = BC6A84FC1C3C71B500CB8887 /* IGStartBrickScene.m */; };
		BC79ED201C3FE7E100B28F1B /* firecannon.wav in Resources */ = {isa = PBXBuildFile; fileRef = BC79ED1F1C3FE7E100B28F1B /* firecannon.wav */; };
		BC8B528F1C57163800B96688 /* IGPlayer.m in Sources */ = {isa = PBXBuildFile; fileRef = BC8B528E1C57163800B96688 /* IGPlayer.m */; };
		BC8B52921C57331000B96688 /* IGFifthLevelScene.m in Sources */ = {isa = PBXBuildFile; fileRef = BC8B52911C57331000B96688 /* IGFifthLevelScene.m */; };
		BC8EDEA91C5BCEAC00C1B89E /* ball_dark.png in Resources */ = {isa = PBXBuildFile; fileRef = BC8EDEA81C5BCEAC00C1B89E /* ball_dark.png */; };
		BCFB96A11C61271C00D39D94 /* IGSeventhLevelScene.swift in Sources */ = {isa = PBXBuildFile; fileRef = BCFB96A01C61271C00D39D94 /* IGSeventhLevelScene.swift */; };
		BCFDE4FC1C6D9A340048B0E6 /* ExplosionParticle.sks in Resources */ = {isa = PBXBuildFile; fileRef = BCFDE4FB1C6D9A340048B0E6 /* ExplosionParticle.sks */; };
		BCFDE5011C6EDF310048B0E6 /* IGSceneSetup.swift in Sources */ = {isa = PBXBuildFile; fileRef = BCFDE5001C6EDF310048B0E6 /* IGSceneSetup.swift */; };
/* End PBXBuildFile section */

/* Begin PBXContainerItemProxy section */
		BC6A84CF1C3C683600CB8887 /* PBXContainerItemProxy */ = {
			isa = PBXContainerItemProxy;
			containerPortal = BC6A84AB1C3C683400CB8887 /* Project object */;
			proxyType = 1;
			remoteGlobalIDString = BC6A84B21C3C683500CB8887;
			remoteInfo = BreakBricks;
		};
		BC6A84DA1C3C683600CB8887 /* PBXContainerItemProxy */ = {
			isa = PBXContainerItemProxy;
			containerPortal = BC6A84AB1C3C683400CB8887 /* Project object */;
			proxyType = 1;
			remoteGlobalIDString = BC6A84B21C3C683500CB8887;
			remoteInfo = BreakBricks;
		};
/* End PBXContainerItemProxy section */

/* Begin PBXFileReference section */
		BC00A3BA1C3D9F600035CFF8 /* blip.caf */ = {isa = PBXFileReference; lastKnownFileType = file; path = blip.caf; sourceTree = "<group>"; };
		BC00A3BB1C3D9F600035CFF8 /* brickhit.caf */ = {isa = PBXFileReference; lastKnownFileType = file; path = brickhit.caf; sourceTree = "<group>"; };
		BC00A3BC1C3D9F600035CFF8 /* gameover.caf */ = {isa = PBXFileReference; lastKnownFileType = file; path = gameover.caf; sourceTree = "<group>"; };
		BC00A3C01C3DABA60035CFF8 /* IGGameOverScene.h */ = {isa = PBXFileReference; fileEncoding = 4; lastKnownFileType = sourcecode.c.h; path = IGGameOverScene.h; sourceTree = "<group>"; };
		BC00A3C11C3DABA60035CFF8 /* IGGameOverScene.m */ = {isa = PBXFileReference; fileEncoding = 4; lastKnownFileType = sourcecode.c.objc; path = IGGameOverScene.m; sourceTree = "<group>"; };
		BC00A3C31C3DF4040035CFF8 /* IGNextLevelScene.h */ = {isa = PBXFileReference; fileEncoding = 4; lastKnownFileType = sourcecode.c.h; path = IGNextLevelScene.h; sourceTree = "<group>"; };
		BC00A3C41C3DF4050035CFF8 /* IGNextLevelScene.m */ = {isa = PBXFileReference; fileEncoding = 4; lastKnownFileType = sourcecode.c.objc; path = IGNextLevelScene.m; sourceTree = "<group>"; };
		BC00A3C61C3E08350035CFF8 /* levelSuccess.wav */ = {isa = PBXFileReference; lastKnownFileType = audio.wav; path = levelSuccess.wav; sourceTree = "<group>"; };
		BC3308461C3F885D0096F51C /* cannonball.png */ = {isa = PBXFileReference; lastKnownFileType = image.png; path = cannonball.png; sourceTree = "<group>"; };
		BC363F441C51E80B009D7A71 /* IGStartViewController.h */ = {isa = PBXFileReference; fileEncoding = 4; lastKnownFileType = sourcecode.c.h; path = IGStartViewController.h; sourceTree = "<group>"; };
		BC363F451C51E80B009D7A71 /* IGStartViewController.m */ = {isa = PBXFileReference; fileEncoding = 4; lastKnownFileType = sourcecode.c.objc; path = IGStartViewController.m; sourceTree = "<group>"; };
		BC363F471C51ED7B009D7A71 /* IGLeaderBoardViewController.h */ = {isa = PBXFileReference; fileEncoding = 4; lastKnownFileType = sourcecode.c.h; path = IGLeaderBoardViewController.h; sourceTree = "<group>"; };
		BC363F481C51ED7B009D7A71 /* IGLeaderBoardViewController.m */ = {isa = PBXFileReference; fileEncoding = 4; lastKnownFileType = sourcecode.c.objc; path = IGLeaderBoardViewController.m; sourceTree = "<group>"; };
		BC62E0451C5B2A7C007A706E /* IGGameManager.h */ = {isa = PBXFileReference; fileEncoding = 4; lastKnownFileType = sourcecode.c.h; path = IGGameManager.h; sourceTree = "<group>"; };
		BC62E0461C5B2A7C007A706E /* IGGameManager.m */ = {isa = PBXFileReference; fileEncoding = 4; lastKnownFileType = sourcecode.c.objc; path = IGGameManager.m; sourceTree = "<group>"; };
		BC62E0481C5B313A007A706E /* RainParticle.sks */ = {isa = PBXFileReference; lastKnownFileType = file.sks; path = RainParticle.sks; sourceTree = "<group>"; };
		BC62E0491C5B313A007A706E /* spark.png */ = {isa = PBXFileReference; lastKnownFileType = image.png; path = spark.png; sourceTree = "<group>"; };
		BC62E04C1C5B3350007A706E /* IGSixthLevelScene.h */ = {isa = PBXFileReference; fileEncoding = 4; lastKnownFileType = sourcecode.c.h; path = IGSixthLevelScene.h; sourceTree = "<group>"; };
		BC62E04D1C5B3350007A706E /* IGSixthLevelScene.m */ = {isa = PBXFileReference; fileEncoding = 4; lastKnownFileType = sourcecode.c.objc; path = IGSixthLevelScene.m; sourceTree = "<group>"; };
		BC62E04F1C5B39CA007A706E /* RainParticle.sks */ = {isa = PBXFileReference; lastKnownFileType = file.sks; path = RainParticle.sks; sourceTree = "<group>"; };
		BC62E0501C5B39CA007A706E /* spark.png */ = {isa = PBXFileReference; lastKnownFileType = image.png; path = spark.png; sourceTree = "<group>"; };
		BC662C6A1C420CA000571CCC /* brickbreaker_launch_sm.png */ = {isa = PBXFileReference; lastKnownFileType = image.png; name = brickbreaker_launch_sm.png; path = art.scnassets/brickbreaker_launch_sm.png; sourceTree = "<group>"; };
		BC662C6F1C43794200571CCC /* IGPlayerViewController.h */ = {isa = PBXFileReference; fileEncoding = 4; lastKnownFileType = sourcecode.c.h; path = IGPlayerViewController.h; sourceTree = "<group>"; };
		BC662C701C43794200571CCC /* IGPlayerViewController.m */ = {isa = PBXFileReference; fileEncoding = 4; lastKnownFileType = sourcecode.c.objc; path = IGPlayerViewController.m; sourceTree = "<group>"; };
		BC6A84B31C3C683500CB8887 /* BreakBricks.app */ = {isa = PBXFileReference; explicitFileType = wrapper.application; includeInIndex = 0; path = BreakBricks.app; sourceTree = BUILT_PRODUCTS_DIR; };
		BC6A84B71C3C683500CB8887 /* main.m */ = {isa = PBXFileReference; lastKnownFileType = sourcecode.c.objc; path = main.m; sourceTree = "<group>"; };
		BC6A84B91C3C683500CB8887 /* IGAppDelegate.h */ = {isa = PBXFileReference; lastKnownFileType = sourcecode.c.h; path = IGAppDelegate.h; sourceTree = "<group>"; };
		BC6A84BA1C3C683500CB8887 /* IGAppDelegate.m */ = {isa = PBXFileReference; lastKnownFileType = sourcecode.c.objc; path = IGAppDelegate.m; sourceTree = "<group>"; };
		BC6A84BC1C3C683500CB8887 /* art.scnassets */ = {isa = PBXFileReference; lastKnownFileType = wrapper.scnassets; path = art.scnassets; sourceTree = "<group>"; };
		BC6A84BE1C3C683500CB8887 /* IGGameViewController.h */ = {isa = PBXFileReference; lastKnownFileType = sourcecode.c.h; path = IGGameViewController.h; sourceTree = "<group>"; };
		BC6A84BF1C3C683500CB8887 /* IGGameViewController.m */ = {isa = PBXFileReference; lastKnownFileType = sourcecode.c.objc; path = IGGameViewController.m; sourceTree = "<group>"; };
		BC6A84C21C3C683500CB8887 /* Base */ = {isa = PBXFileReference; lastKnownFileType = file.storyboard; name = Base; path = Base.lproj/Main.storyboard; sourceTree = "<group>"; };
		BC6A84C41C3C683600CB8887 /* Assets.xcassets */ = {isa = PBXFileReference; lastKnownFileType = folder.assetcatalog; path = Assets.xcassets; sourceTree = "<group>"; };
		BC6A84C71C3C683600CB8887 /* Base */ = {isa = PBXFileReference; lastKnownFileType = file.storyboard; name = Base; path = Base.lproj/LaunchScreen.storyboard; sourceTree = "<group>"; };
		BC6A84C91C3C683600CB8887 /* Info.plist */ = {isa = PBXFileReference; lastKnownFileType = text.plist.xml; path = Info.plist; sourceTree = "<group>"; };
		BC6A84CE1C3C683600CB8887 /* BreakBricksTests.xctest */ = {isa = PBXFileReference; explicitFileType = wrapper.cfbundle; includeInIndex = 0; path = BreakBricksTests.xctest; sourceTree = BUILT_PRODUCTS_DIR; };
		BC6A84D21C3C683600CB8887 /* BreakBricksTests.m */ = {isa = PBXFileReference; lastKnownFileType = sourcecode.c.objc; path = BreakBricksTests.m; sourceTree = "<group>"; };
		BC6A84D41C3C683600CB8887 /* Info.plist */ = {isa = PBXFileReference; lastKnownFileType = text.plist.xml; path = Info.plist; sourceTree = "<group>"; };
		BC6A84D91C3C683600CB8887 /* BreakBricksUITests.xctest */ = {isa = PBXFileReference; explicitFileType = wrapper.cfbundle; includeInIndex = 0; path = BreakBricksUITests.xctest; sourceTree = BUILT_PRODUCTS_DIR; };
		BC6A84DD1C3C683700CB8887 /* BreakBricksUITests.m */ = {isa = PBXFileReference; lastKnownFileType = sourcecode.c.objc; path = BreakBricksUITests.m; sourceTree = "<group>"; };
		BC6A84DF1C3C683700CB8887 /* Info.plist */ = {isa = PBXFileReference; lastKnownFileType = text.plist.xml; path = Info.plist; sourceTree = "<group>"; };
		BC6A84EC1C3C6B7100CB8887 /* ball.png */ = {isa = PBXFileReference; lastKnownFileType = image.png; path = ball.png; sourceTree = "<group>"; };
		BC6A84ED1C3C6B7100CB8887 /* ball@2x.png */ = {isa = PBXFileReference; lastKnownFileType = image.png; path = "ball@2x.png"; sourceTree = "<group>"; };
		BC6A84EE1C3C6B7100CB8887 /* brick.png */ = {isa = PBXFileReference; lastKnownFileType = image.png; path = brick.png; sourceTree = "<group>"; };
		BC6A84EF1C3C6B7100CB8887 /* brick@2x.png */ = {isa = PBXFileReference; lastKnownFileType = image.png; path = "brick@2x.png"; sourceTree = "<group>"; };
		BC6A84F01C3C6B7100CB8887 /* paddle.png */ = {isa = PBXFileReference; lastKnownFileType = image.png; path = paddle.png; sourceTree = "<group>"; };
		BC6A84F11C3C6B7100CB8887 /* paddle@2x.png */ = {isa = PBXFileReference; lastKnownFileType = image.png; path = "paddle@2x.png"; sourceTree = "<group>"; };
		BC6A84F81C3C6FC600CB8887 /* IGMainBrickScene.sks */ = {isa = PBXFileReference; lastKnownFileType = file.sks; path = IGMainBrickScene.sks; sourceTree = "<group>"; };
		BC6A84FB1C3C71B500CB8887 /* IGStartBrickScene.h */ = {isa = PBXFileReference; fileEncoding = 4; lastKnownFileType = sourcecode.c.h; name = IGStartBrickScene.h; path = ../IGStartBrickScene.h; sourceTree = "<group>"; };
		BC6A84FC1C3C71B500CB8887 /* IGStartBrickScene.m */ = {isa = PBXFileReference; fileEncoding = 4; lastKnownFileType = sourcecode.c.objc; name = IGStartBrickScene.m; path = ../IGStartBrickScene.m; sourceTree = "<group>"; };
		BC79ED1F1C3FE7E100B28F1B /* firecannon.wav */ = {isa = PBXFileReference; lastKnownFileType = audio.wav; path = firecannon.wav; sourceTree = "<group>"; };
		BC8B528D1C57163800B96688 /* IGPlayer.h */ = {isa = PBXFileReference; fileEncoding = 4; lastKnownFileType = sourcecode.c.h; path = IGPlayer.h; sourceTree = "<group>"; };
		BC8B528E1C57163800B96688 /* IGPlayer.m */ = {isa = PBXFileReference; fileEncoding = 4; lastKnownFileType = sourcecode.c.objc; path = IGPlayer.m; sourceTree = "<group>"; };
		BC8B52901C57331000B96688 /* IGFifthLevelScene.h */ = {isa = PBXFileReference; fileEncoding = 4; lastKnownFileType = sourcecode.c.h; path = IGFifthLevelScene.h; sourceTree = "<group>"; };
		BC8B52911C57331000B96688 /* IGFifthLevelScene.m */ = {isa = PBXFileReference; fileEncoding = 4; lastKnownFileType = sourcecode.c.objc; path = IGFifthLevelScene.m; sourceTree = "<group>"; };
		BC8EDEA81C5BCEAC00C1B89E /* ball_dark.png */ = {isa = PBXFileReference; lastKnownFileType = image.png; path = ball_dark.png; sourceTree = "<group>"; };
		BC8EDEAA1C60618500C1B89E /* BreakBricks-Bridging-Header.h */ = {isa = PBXFileReference; lastKnownFileType = sourcecode.c.h; path = "BreakBricks-Bridging-Header.h"; sourceTree = "<group>"; };
		BCFB96A01C61271C00D39D94 /* IGSeventhLevelScene.swift */ = {isa = PBXFileReference; fileEncoding = 4; lastKnownFileType = sourcecode.swift; path = IGSeventhLevelScene.swift; sourceTree = "<group>"; };
		BCFDE4FB1C6D9A340048B0E6 /* ExplosionParticle.sks */ = {isa = PBXFileReference; lastKnownFileType = file.sks; path = ExplosionParticle.sks; sourceTree = "<group>"; };
		BCFDE5001C6EDF310048B0E6 /* IGSceneSetup.swift */ = {isa = PBXFileReference; fileEncoding = 4; lastKnownFileType = sourcecode.swift; path = IGSceneSetup.swift; sourceTree = "<group>"; };
/* End PBXFileReference section */

/* Begin PBXFrameworksBuildPhase section */
		BC6A84B01C3C683500CB8887 /* Frameworks */ = {
			isa = PBXFrameworksBuildPhase;
			buildActionMask = 2147483647;
			files = (
			);
			runOnlyForDeploymentPostprocessing = 0;
		};
		BC6A84CB1C3C683600CB8887 /* Frameworks */ = {
			isa = PBXFrameworksBuildPhase;
			buildActionMask = 2147483647;
			files = (
			);
			runOnlyForDeploymentPostprocessing = 0;
		};
		BC6A84D61C3C683600CB8887 /* Frameworks */ = {
			isa = PBXFrameworksBuildPhase;
			buildActionMask = 2147483647;
			files = (
			);
			runOnlyForDeploymentPostprocessing = 0;
		};
/* End PBXFrameworksBuildPhase section */

/* Begin PBXGroup section */
		BC6A84AA1C3C683400CB8887 = {
			isa = PBXGroup;
			children = (
				BC6A84B51C3C683500CB8887 /* BreakBricks */,
				BC6A84D11C3C683600CB8887 /* BreakBricksTests */,
				BC6A84DC1C3C683700CB8887 /* BreakBricksUITests */,
				BC6A84B41C3C683500CB8887 /* Products */,
			);
			sourceTree = "<group>";
		};
		BC6A84B41C3C683500CB8887 /* Products */ = {
			isa = PBXGroup;
			children = (
				BC6A84B31C3C683500CB8887 /* BreakBricks.app */,
				BC6A84CE1C3C683600CB8887 /* BreakBricksTests.xctest */,
				BC6A84D91C3C683600CB8887 /* BreakBricksUITests.xctest */,
			);
			name = Products;
			sourceTree = "<group>";
		};
		BC6A84B51C3C683500CB8887 /* BreakBricks */ = {
			isa = PBXGroup;
			children = (
				BCFDE4FA1C6D997C0048B0E6 /* Particles */,
				BC6A84EB1C3C6B0E00CB8887 /* resources */,
				BC6A84B91C3C683500CB8887 /* IGAppDelegate.h */,
				BC6A84BA1C3C683500CB8887 /* IGAppDelegate.m */,
				BC62E0451C5B2A7C007A706E /* IGGameManager.h */,
				BC62E0461C5B2A7C007A706E /* IGGameManager.m */,
				BC6A84BC1C3C683500CB8887 /* art.scnassets */,
				BC6A84C11C3C683500CB8887 /* Main.storyboard */,
				BC6A84C41C3C683600CB8887 /* Assets.xcassets */,
				BC6A84C61C3C683600CB8887 /* LaunchScreen.storyboard */,
				BC6A84C91C3C683600CB8887 /* Info.plist */,
				BCFDE4FE1C6EDDDE0048B0E6 /* ViewControllers */,
				BCFDE4FF1C6EDE1B0048B0E6 /* Model */,
				BCFDE4FD1C6ED8620048B0E6 /* Scenes */,
				BC6A84B61C3C683500CB8887 /* Supporting Files */,
				BC6A84F81C3C6FC600CB8887 /* IGMainBrickScene.sks */,
				BC8EDEAA1C60618500C1B89E /* BreakBricks-Bridging-Header.h */,
			);
			path = BreakBricks;
			sourceTree = "<group>";
		};
		BC6A84B61C3C683500CB8887 /* Supporting Files */ = {
			isa = PBXGroup;
			children = (
				BC6A84B71C3C683500CB8887 /* main.m */,
			);
			name = "Supporting Files";
			sourceTree = "<group>";
		};
		BC6A84D11C3C683600CB8887 /* BreakBricksTests */ = {
			isa = PBXGroup;
			children = (
				BC6A84D21C3C683600CB8887 /* BreakBricksTests.m */,
				BC6A84D41C3C683600CB8887 /* Info.plist */,
			);
			path = BreakBricksTests;
			sourceTree = "<group>";
		};
		BC6A84DC1C3C683700CB8887 /* BreakBricksUITests */ = {
			isa = PBXGroup;
			children = (
				BC6A84DD1C3C683700CB8887 /* BreakBricksUITests.m */,
				BC6A84DF1C3C683700CB8887 /* Info.plist */,
			);
			path = BreakBricksUITests;
			sourceTree = "<group>";
		};
		BC6A84EB1C3C6B0E00CB8887 /* resources */ = {
			isa = PBXGroup;
			children = (
				BC6A84EC1C3C6B7100CB8887 /* ball.png */,
				BC6A84ED1C3C6B7100CB8887 /* ball@2x.png */,
				BC8EDEA81C5BCEAC00C1B89E /* ball_dark.png */,
				BC3308461C3F885D0096F51C /* cannonball.png */,
				BC6A84EE1C3C6B7100CB8887 /* brick.png */,
				BC6A84EF1C3C6B7100CB8887 /* brick@2x.png */,
				BC6A84F01C3C6B7100CB8887 /* paddle.png */,
				BC6A84F11C3C6B7100CB8887 /* paddle@2x.png */,
				BC00A3BA1C3D9F600035CFF8 /* blip.caf */,
				BC00A3BB1C3D9F600035CFF8 /* brickhit.caf */,
				BC00A3BC1C3D9F600035CFF8 /* gameover.caf */,
				BC00A3C61C3E08350035CFF8 /* levelSuccess.wav */,
				BC79ED1F1C3FE7E100B28F1B /* firecannon.wav */,
				BC662C6A1C420CA000571CCC /* brickbreaker_launch_sm.png */,
				BC62E0481C5B313A007A706E /* RainParticle.sks */,
				BC62E0491C5B313A007A706E /* spark.png */,
			);
			name = resources;
			sourceTree = "<group>";
		};
		BCFDE4FA1C6D997C0048B0E6 /* Particles */ = {
			isa = PBXGroup;
			children = (
				BC62E04F1C5B39CA007A706E /* RainParticle.sks */,
				BC62E0501C5B39CA007A706E /* spark.png */,
				BCFDE4FB1C6D9A340048B0E6 /* ExplosionParticle.sks */,
			);
			name = Particles;
			sourceTree = "<group>";
		};
		BCFDE4FD1C6ED8620048B0E6 /* Scenes */ = {
			isa = PBXGroup;
			children = (
				BC6A84FB1C3C71B500CB8887 /* IGStartBrickScene.h */,
				BC6A84FC1C3C71B500CB8887 /* IGStartBrickScene.m */,
				BC00A3C01C3DABA60035CFF8 /* IGGameOverScene.h */,
				BC00A3C11C3DABA60035CFF8 /* IGGameOverScene.m */,
				BC00A3C31C3DF4040035CFF8 /* IGNextLevelScene.h */,
				BC00A3C41C3DF4050035CFF8 /* IGNextLevelScene.m */,
				BC8B52901C57331000B96688 /* IGFifthLevelScene.h */,
				BC8B52911C57331000B96688 /* IGFifthLevelScene.m */,
				BC62E04C1C5B3350007A706E /* IGSixthLevelScene.h */,
				BC62E04D1C5B3350007A706E /* IGSixthLevelScene.m */,
				BCFB96A01C61271C00D39D94 /* IGSeventhLevelScene.swift */,
			);
			name = Scenes;
			sourceTree = "<group>";
		};
		BCFDE4FE1C6EDDDE0048B0E6 /* ViewControllers */ = {
			isa = PBXGroup;
			children = (
				BC363F441C51E80B009D7A71 /* IGStartViewController.h */,
				BC363F451C51E80B009D7A71 /* IGStartViewController.m */,
				BC662C6F1C43794200571CCC /* IGPlayerViewController.h */,
				BC662C701C43794200571CCC /* IGPlayerViewController.m */,
				BC363F471C51ED7B009D7A71 /* IGLeaderBoardViewController.h */,
				BC363F481C51ED7B009D7A71 /* IGLeaderBoardViewController.m */,
				BC6A84BE1C3C683500CB8887 /* IGGameViewController.h */,
				BC6A84BF1C3C683500CB8887 /* IGGameViewController.m */,
			);
			name = ViewControllers;
			sourceTree = "<group>";
		};
		BCFDE4FF1C6EDE1B0048B0E6 /* Model */ = {
			isa = PBXGroup;
			children = (
				BC8B528D1C57163800B96688 /* IGPlayer.h */,
				BC8B528E1C57163800B96688 /* IGPlayer.m */,
				BCFDE5001C6EDF310048B0E6 /* IGSceneSetup.swift */,
			);
			name = Model;
			sourceTree = "<group>";
		};
/* End PBXGroup section */

/* Begin PBXNativeTarget section */
		BC6A84B21C3C683500CB8887 /* BreakBricks */ = {
			isa = PBXNativeTarget;
			buildConfigurationList = BC6A84E21C3C683700CB8887 /* Build configuration list for PBXNativeTarget "BreakBricks" */;
			buildPhases = (
				BC6A84AF1C3C683500CB8887 /* Sources */,
				BC6A84B01C3C683500CB8887 /* Frameworks */,
				BC6A84B11C3C683500CB8887 /* Resources */,
			);
			buildRules = (
			);
			dependencies = (
			);
			name = BreakBricks;
			productName = BreakBricks;
			productReference = BC6A84B31C3C683500CB8887 /* BreakBricks.app */;
			productType = "com.apple.product-type.application";
		};
		BC6A84CD1C3C683600CB8887 /* BreakBricksTests */ = {
			isa = PBXNativeTarget;
			buildConfigurationList = BC6A84E51C3C683700CB8887 /* Build configuration list for PBXNativeTarget "BreakBricksTests" */;
			buildPhases = (
				BC6A84CA1C3C683600CB8887 /* Sources */,
				BC6A84CB1C3C683600CB8887 /* Frameworks */,
				BC6A84CC1C3C683600CB8887 /* Resources */,
			);
			buildRules = (
			);
			dependencies = (
				BC6A84D01C3C683600CB8887 /* PBXTargetDependency */,
			);
			name = BreakBricksTests;
			productName = BreakBricksTests;
			productReference = BC6A84CE1C3C683600CB8887 /* BreakBricksTests.xctest */;
			productType = "com.apple.product-type.bundle.unit-test";
		};
		BC6A84D81C3C683600CB8887 /* BreakBricksUITests */ = {
			isa = PBXNativeTarget;
			buildConfigurationList = BC6A84E81C3C683700CB8887 /* Build configuration list for PBXNativeTarget "BreakBricksUITests" */;
			buildPhases = (
				BC6A84D51C3C683600CB8887 /* Sources */,
				BC6A84D61C3C683600CB8887 /* Frameworks */,
				BC6A84D71C3C683600CB8887 /* Resources */,
			);
			buildRules = (
			);
			dependencies = (
				BC6A84DB1C3C683600CB8887 /* PBXTargetDependency */,
			);
			name = BreakBricksUITests;
			productName = BreakBricksUITests;
			productReference = BC6A84D91C3C683600CB8887 /* BreakBricksUITests.xctest */;
			productType = "com.apple.product-type.bundle.ui-testing";
		};
/* End PBXNativeTarget section */

/* Begin PBXProject section */
		BC6A84AB1C3C683400CB8887 /* Project object */ = {
			isa = PBXProject;
			attributes = {
				LastUpgradeCheck = 0720;
				ORGANIZATIONNAME = "Rich Rosiak";
				TargetAttributes = {
					BC6A84B21C3C683500CB8887 = {
						CreatedOnToolsVersion = 7.2;
						DevelopmentTeam = 6W8L9CKJ3Y;
					};
					BC6A84CD1C3C683600CB8887 = {
						CreatedOnToolsVersion = 7.2;
						DevelopmentTeam = 6W8L9CKJ3Y;
						TestTargetID = BC6A84B21C3C683500CB8887;
					};
					BC6A84D81C3C683600CB8887 = {
						CreatedOnToolsVersion = 7.2;
						DevelopmentTeam = 6W8L9CKJ3Y;
						TestTargetID = BC6A84B21C3C683500CB8887;
					};
				};
			};
			buildConfigurationList = BC6A84AE1C3C683400CB8887 /* Build configuration list for PBXProject "BreakBricks" */;
			compatibilityVersion = "Xcode 3.2";
			developmentRegion = English;
			hasScannedForEncodings = 0;
			knownRegions = (
				en,
				Base,
			);
			mainGroup = BC6A84AA1C3C683400CB8887;
			productRefGroup = BC6A84B41C3C683500CB8887 /* Products */;
			projectDirPath = "";
			projectRoot = "";
			targets = (
				BC6A84B21C3C683500CB8887 /* BreakBricks */,
				BC6A84CD1C3C683600CB8887 /* BreakBricksTests */,
				BC6A84D81C3C683600CB8887 /* BreakBricksUITests */,
			);
		};
/* End PBXProject section */

/* Begin PBXResourcesBuildPhase section */
		BC6A84B11C3C683500CB8887 /* Resources */ = {
			isa = PBXResourcesBuildPhase;
			buildActionMask = 2147483647;
			files = (
				BC8EDEA91C5BCEAC00C1B89E /* ball_dark.png in Resources */,
				BC62E04A1C5B313A007A706E /* RainParticle.sks in Resources */,
				BC62E04B1C5B313A007A706E /* spark.png in Resources */,
				BC662C6B1C420CA000571CCC /* brickbreaker_launch_sm.png in Resources */,
				BC79ED201C3FE7E100B28F1B /* firecannon.wav in Resources */,
				BC3308471C3F885D0096F51C /* cannonball.png in Resources */,
				BC00A3C71C3E08350035CFF8 /* levelSuccess.wav in Resources */,
				BC00A3BD1C3DA2CA0035CFF8 /* blip.caf in Resources */,
				BC00A3BE1C3DA2CA0035CFF8 /* brickhit.caf in Resources */,
				BC00A3BF1C3DA2CA0035CFF8 /* gameover.caf in Resources */,
				BC6A84BD1C3C683500CB8887 /* art.scnassets in Resources */,
				BC6A84F31C3C6B7100CB8887 /* ball@2x.png in Resources */,
				BC6A84F41C3C6B7100CB8887 /* brick.png in Resources */,
				BC6A84F91C3C6FC600CB8887 /* IGMainBrickScene.sks in Resources */,
				BC6A84F21C3C6B7100CB8887 /* ball.png in Resources */,
				BC6A84F61C3C6B7100CB8887 /* paddle.png in Resources */,
				BC6A84F51C3C6B7100CB8887 /* brick@2x.png in Resources */,
				BC6A84F71C3C6B7100CB8887 /* paddle@2x.png in Resources */,
				BC6A84C81C3C683600CB8887 /* LaunchScreen.storyboard in Resources */,
				BCFDE4FC1C6D9A340048B0E6 /* ExplosionParticle.sks in Resources */,
				BC6A84C51C3C683600CB8887 /* Assets.xcassets in Resources */,
				BC6A84C31C3C683500CB8887 /* Main.storyboard in Resources */,
			);
			runOnlyForDeploymentPostprocessing = 0;
		};
		BC6A84CC1C3C683600CB8887 /* Resources */ = {
			isa = PBXResourcesBuildPhase;
			buildActionMask = 2147483647;
			files = (
			);
			runOnlyForDeploymentPostprocessing = 0;
		};
		BC6A84D71C3C683600CB8887 /* Resources */ = {
			isa = PBXResourcesBuildPhase;
			buildActionMask = 2147483647;
			files = (
			);
			runOnlyForDeploymentPostprocessing = 0;
		};
/* End PBXResourcesBuildPhase section */

/* Begin PBXSourcesBuildPhase section */
		BC6A84AF1C3C683500CB8887 /* Sources */ = {
			isa = PBXSourcesBuildPhase;
			buildActionMask = 2147483647;
			files = (
				BC363F491C51ED7B009D7A71 /* IGLeaderBoardViewController.m in Sources */,
				BCFB96A11C61271C00D39D94 /* IGSeventhLevelScene.swift in Sources */,
				BC8B52921C57331000B96688 /* IGFifthLevelScene.m in Sources */,
				BC8B528F1C57163800B96688 /* IGPlayer.m in Sources */,
				BC62E0471C5B2A7C007A706E /* IGGameManager.m in Sources */,
				BC6A84BB1C3C683500CB8887 /* IGAppDelegate.m in Sources */,
				BC6A84FD1C3C71B500CB8887 /* IGStartBrickScene.m in Sources */,
				BC00A3C21C3DABA60035CFF8 /* IGGameOverScene.m in Sources */,
				BC6A84C01C3C683500CB8887 /* IGGameViewController.m in Sources */,
				BC62E04E1C5B3350007A706E /* IGSixthLevelScene.m in Sources */,
				BC00A3C51C3DF4050035CFF8 /* IGNextLevelScene.m in Sources */,
				BC6A84B81C3C683500CB8887 /* main.m in Sources */,
				BCFDE5011C6EDF310048B0E6 /* IGSceneSetup.swift in Sources */,
				BC363F461C51E80B009D7A71 /* IGStartViewController.m in Sources */,
				BC662C711C43794300571CCC /* IGPlayerViewController.m in Sources */,
			);
			runOnlyForDeploymentPostprocessing = 0;
		};
		BC6A84CA1C3C683600CB8887 /* Sources */ = {
			isa = PBXSourcesBuildPhase;
			buildActionMask = 2147483647;
			files = (
				BC6A84D31C3C683600CB8887 /* BreakBricksTests.m in Sources */,
			);
			runOnlyForDeploymentPostprocessing = 0;
		};
		BC6A84D51C3C683600CB8887 /* Sources */ = {
			isa = PBXSourcesBuildPhase;
			buildActionMask = 2147483647;
			files = (
				BC6A84DE1C3C683700CB8887 /* BreakBricksUITests.m in Sources */,
			);
			runOnlyForDeploymentPostprocessing = 0;
		};
/* End PBXSourcesBuildPhase section */

/* Begin PBXTargetDependency section */
		BC6A84D01C3C683600CB8887 /* PBXTargetDependency */ = {
			isa = PBXTargetDependency;
			target = BC6A84B21C3C683500CB8887 /* BreakBricks */;
			targetProxy = BC6A84CF1C3C683600CB8887 /* PBXContainerItemProxy */;
		};
		BC6A84DB1C3C683600CB8887 /* PBXTargetDependency */ = {
			isa = PBXTargetDependency;
			target = BC6A84B21C3C683500CB8887 /* BreakBricks */;
			targetProxy = BC6A84DA1C3C683600CB8887 /* PBXContainerItemProxy */;
		};
/* End PBXTargetDependency section */

/* Begin PBXVariantGroup section */
		BC6A84C11C3C683500CB8887 /* Main.storyboard */ = {
			isa = PBXVariantGroup;
			children = (
				BC6A84C21C3C683500CB8887 /* Base */,
			);
			name = Main.storyboard;
			sourceTree = "<group>";
		};
		BC6A84C61C3C683600CB8887 /* LaunchScreen.storyboard */ = {
			isa = PBXVariantGroup;
			children = (
				BC6A84C71C3C683600CB8887 /* Base */,
			);
			name = LaunchScreen.storyboard;
			sourceTree = "<group>";
		};
/* End PBXVariantGroup section */

/* Begin XCBuildConfiguration section */
		BC6A84E01C3C683700CB8887 /* Debug */ = {
			isa = XCBuildConfiguration;
			buildSettings = {
				ALWAYS_SEARCH_USER_PATHS = NO;
				CLANG_CXX_LANGUAGE_STANDARD = "gnu++0x";
				CLANG_CXX_LIBRARY = "libc++";
				CLANG_ENABLE_MODULES = YES;
				CLANG_ENABLE_OBJC_ARC = YES;
				CLANG_WARN_BOOL_CONVERSION = YES;
				CLANG_WARN_CONSTANT_CONVERSION = YES;
				CLANG_WARN_DIRECT_OBJC_ISA_USAGE = YES_ERROR;
				CLANG_WARN_EMPTY_BODY = YES;
				CLANG_WARN_ENUM_CONVERSION = YES;
				CLANG_WARN_INT_CONVERSION = YES;
				CLANG_WARN_OBJC_ROOT_CLASS = YES_ERROR;
				CLANG_WARN_UNREACHABLE_CODE = YES;
				CLANG_WARN__DUPLICATE_METHOD_MATCH = YES;
				"CODE_SIGN_IDENTITY[sdk=iphoneos*]" = "iPhone Developer";
				COPY_PHASE_STRIP = NO;
				DEBUG_INFORMATION_FORMAT = "dwarf-with-dsym";
				DEFINES_MODULE = YES;
				ENABLE_STRICT_OBJC_MSGSEND = YES;
				ENABLE_TESTABILITY = YES;
				GCC_C_LANGUAGE_STANDARD = gnu99;
				GCC_DYNAMIC_NO_PIC = NO;
				GCC_NO_COMMON_BLOCKS = YES;
				GCC_OPTIMIZATION_LEVEL = 0;
				GCC_PREPROCESSOR_DEFINITIONS = (
					"DEBUG=1",
					"$(inherited)",
				);
				GCC_WARN_64_TO_32_BIT_CONVERSION = YES;
				GCC_WARN_ABOUT_RETURN_TYPE = YES_ERROR;
				GCC_WARN_UNDECLARED_SELECTOR = YES;
				GCC_WARN_UNINITIALIZED_AUTOS = YES_AGGRESSIVE;
				GCC_WARN_UNUSED_FUNCTION = YES;
				GCC_WARN_UNUSED_VARIABLE = YES;
				IPHONEOS_DEPLOYMENT_TARGET = 9.2;
				MTL_ENABLE_DEBUG_INFO = YES;
				ONLY_ACTIVE_ARCH = YES;
				SDKROOT = iphoneos;
				TARGETED_DEVICE_FAMILY = "1,2";
			};
			name = Debug;
		};
		BC6A84E11C3C683700CB8887 /* Release */ = {
			isa = XCBuildConfiguration;
			buildSettings = {
				ALWAYS_SEARCH_USER_PATHS = NO;
				CLANG_CXX_LANGUAGE_STANDARD = "gnu++0x";
				CLANG_CXX_LIBRARY = "libc++";
				CLANG_ENABLE_MODULES = YES;
				CLANG_ENABLE_OBJC_ARC = YES;
				CLANG_WARN_BOOL_CONVERSION = YES;
				CLANG_WARN_CONSTANT_CONVERSION = YES;
				CLANG_WARN_DIRECT_OBJC_ISA_USAGE = YES_ERROR;
				CLANG_WARN_EMPTY_BODY = YES;
				CLANG_WARN_ENUM_CONVERSION = YES;
				CLANG_WARN_INT_CONVERSION = YES;
				CLANG_WARN_OBJC_ROOT_CLASS = YES_ERROR;
				CLANG_WARN_UNREACHABLE_CODE = YES;
				CLANG_WARN__DUPLICATE_METHOD_MATCH = YES;
				"CODE_SIGN_IDENTITY[sdk=iphoneos*]" = "iPhone Developer";
				COPY_PHASE_STRIP = NO;
				DEBUG_INFORMATION_FORMAT = "dwarf-with-dsym";
				DEFINES_MODULE = YES;
				ENABLE_NS_ASSERTIONS = NO;
				ENABLE_STRICT_OBJC_MSGSEND = YES;
				GCC_C_LANGUAGE_STANDARD = gnu99;
				GCC_NO_COMMON_BLOCKS = YES;
				GCC_WARN_64_TO_32_BIT_CONVERSION = YES;
				GCC_WARN_ABOUT_RETURN_TYPE = YES_ERROR;
				GCC_WARN_UNDECLARED_SELECTOR = YES;
				GCC_WARN_UNINITIALIZED_AUTOS = YES_AGGRESSIVE;
				GCC_WARN_UNUSED_FUNCTION = YES;
				GCC_WARN_UNUSED_VARIABLE = YES;
				IPHONEOS_DEPLOYMENT_TARGET = 9.2;
				MTL_ENABLE_DEBUG_INFO = NO;
				SDKROOT = iphoneos;
				TARGETED_DEVICE_FAMILY = "1,2";
				VALIDATE_PRODUCT = YES;
			};
			name = Release;
		};
		BC6A84E31C3C683700CB8887 /* Debug */ = {
			isa = XCBuildConfiguration;
			buildSettings = {
				ASSETCATALOG_COMPILER_APPICON_NAME = AppIcon;
				CLANG_ENABLE_MODULES = YES;
				CODE_SIGN_IDENTITY = "iPhone Developer";
				DEFINES_MODULE = YES;
				EMBEDDED_CONTENT_CONTAINS_SWIFT = YES;
				INFOPLIST_FILE = BreakBricks/Info.plist;
				IPHONEOS_DEPLOYMENT_TARGET = 8.0;
				LD_RUNPATH_SEARCH_PATHS = "$(inherited) @executable_path/Frameworks";
				PRODUCT_BUNDLE_IDENTIFIER = "iMagine-Games.BreakBricks";
				PRODUCT_NAME = "$(TARGET_NAME)";
				PROVISIONING_PROFILE = "";
				SWIFT_OBJC_BRIDGING_HEADER = "BreakBricks/BreakBricks-Bridging-Header.h";
				SWIFT_OPTIMIZATION_LEVEL = "-Onone";
			};
			name = Debug;
		};
		BC6A84E41C3C683700CB8887 /* Release */ = {
			isa = XCBuildConfiguration;
			buildSettings = {
				ASSETCATALOG_COMPILER_APPICON_NAME = AppIcon;
				CLANG_ENABLE_MODULES = YES;
				CODE_SIGN_IDENTITY = "iPhone Developer";
				DEFINES_MODULE = YES;
				EMBEDDED_CONTENT_CONTAINS_SWIFT = YES;
				INFOPLIST_FILE = BreakBricks/Info.plist;
				IPHONEOS_DEPLOYMENT_TARGET = 8.0;
				LD_RUNPATH_SEARCH_PATHS = "$(inherited) @executable_path/Frameworks";
				PRODUCT_BUNDLE_IDENTIFIER = "iMagine-Games.BreakBricks";
				PRODUCT_NAME = "$(TARGET_NAME)";
				PROVISIONING_PROFILE = "";
				SWIFT_OBJC_BRIDGING_HEADER = "BreakBricks/BreakBricks-Bridging-Header.h";
			};
			name = Release;
		};
		BC6A84E61C3C683700CB8887 /* Debug */ = {
			isa = XCBuildConfiguration;
			buildSettings = {
				BUNDLE_LOADER = "$(TEST_HOST)";
				DEBUG_INFORMATION_FORMAT = dwarf;
				INFOPLIST_FILE = BreakBricksTests/Info.plist;
				LD_RUNPATH_SEARCH_PATHS = "$(inherited) @executable_path/Frameworks @loader_path/Frameworks";
				PRODUCT_BUNDLE_IDENTIFIER = "iMagine-Games.BreakBricksTests";
				PRODUCT_NAME = "$(TARGET_NAME)";
				TEST_HOST = "$(BUILT_PRODUCTS_DIR)/BreakBricks.app/BreakBricks";
			};
			name = Debug;
		};
		BC6A84E71C3C683700CB8887 /* Release */ = {
			isa = XCBuildConfiguration;
			buildSettings = {
				BUNDLE_LOADER = "$(TEST_HOST)";
				INFOPLIST_FILE = BreakBricksTests/Info.plist;
				LD_RUNPATH_SEARCH_PATHS = "$(inherited) @executable_path/Frameworks @loader_path/Frameworks";
				PRODUCT_BUNDLE_IDENTIFIER = "iMagine-Games.BreakBricksTests";
				PRODUCT_NAME = "$(TARGET_NAME)";
				TEST_HOST = "$(BUILT_PRODUCTS_DIR)/BreakBricks.app/BreakBricks";
			};
			name = Release;
		};
		BC6A84E91C3C683700CB8887 /* Debug */ = {
			isa = XCBuildConfiguration;
			buildSettings = {
				DEBUG_INFORMATION_FORMAT = dwarf;
				INFOPLIST_FILE = BreakBricksUITests/Info.plist;
				LD_RUNPATH_SEARCH_PATHS = "$(inherited) @executable_path/Frameworks @loader_path/Frameworks";
				PRODUCT_BUNDLE_IDENTIFIER = "iMagine-Games.BreakBricksUITests";
				PRODUCT_NAME = "$(TARGET_NAME)";
				TEST_TARGET_NAME = BreakBricks;
				USES_XCTRUNNER = YES;
			};
			name = Debug;
		};
		BC6A84EA1C3C683700CB8887 /* Release */ = {
			isa = XCBuildConfiguration;
			buildSettings = {
				INFOPLIST_FILE = BreakBricksUITests/Info.plist;
				LD_RUNPATH_SEARCH_PATHS = "$(inherited) @executable_path/Frameworks @loader_path/Frameworks";
				PRODUCT_BUNDLE_IDENTIFIER = "iMagine-Games.BreakBricksUITests";
				PRODUCT_NAME = "$(TARGET_NAME)";
				TEST_TARGET_NAME = BreakBricks;
				USES_XCTRUNNER = YES;
			};
			name = Release;
		};
/* End XCBuildConfiguration section */

/* Begin XCConfigurationList section */
		BC6A84AE1C3C683400CB8887 /* Build configuration list for PBXProject "BreakBricks" */ = {
			isa = XCConfigurationList;
			buildConfigurations = (
				BC6A84E01C3C683700CB8887 /* Debug */,
				BC6A84E11C3C683700CB8887 /* Release */,
			);
			defaultConfigurationIsVisible = 0;
			defaultConfigurationName = Release;
		};
		BC6A84E21C3C683700CB8887 /* Build configuration list for PBXNativeTarget "BreakBricks" */ = {
			isa = XCConfigurationList;
			buildConfigurations = (
				BC6A84E31C3C683700CB8887 /* Debug */,
				BC6A84E41C3C683700CB8887 /* Release */,
			);
			defaultConfigurationIsVisible = 0;
			defaultConfigurationName = Release;
		};
		BC6A84E51C3C683700CB8887 /* Build configuration list for PBXNativeTarget "BreakBricksTests" */ = {
			isa = XCConfigurationList;
			buildConfigurations = (
				BC6A84E61C3C683700CB8887 /* Debug */,
				BC6A84E71C3C683700CB8887 /* Release */,
			);
			defaultConfigurationIsVisible = 0;
			defaultConfigurationName = Release;
		};
		BC6A84E81C3C683700CB8887 /* Build configuration list for PBXNativeTarget "BreakBricksUITests" */ = {
			isa = XCConfigurationList;
			buildConfigurations = (
				BC6A84E91C3C683700CB8887 /* Debug */,
				BC6A84EA1C3C683700CB8887 /* Release */,
			);
			defaultConfigurationIsVisible = 0;
			defaultConfigurationName = Release;
		};
/* End XCConfigurationList section */
	};
	rootObject = BC6A84AB1C3C683400CB8887 /* Project object */;
}
